
Microsoft Visual Studio Solution File, Format Version 12.00
# Visual Studio Version 17
VisualStudioVersion = 17.7.34031.279
MinimumVisualStudioVersion = 10.0.40219.1
Project("{2150E333-8FDC-42A3-9474-1A3956D46DE8}") = "src", "src", "{C60DBA73-66BA-4F0C-983C-9A35248AA556}"
EndProject
Project("{2150E333-8FDC-42A3-9474-1A3956D46DE8}") = "App", "App", "{110CE97A-20B6-4E9A-A9FA-FB1675C74285}"
EndProject
Project("{9A19103F-16F7-4668-BE54-9A1E7A4F7556}") = "RocketPDF", "src\App\RocketPDF\RocketPDF.csproj", "{C3C24D78-A2BC-4494-B180-866A5CEC1E7A}"
EndProject
Project("{9A19103F-16F7-4668-BE54-9A1E7A4F7556}") = "RocketPDF.Core", "src\App\RocketPDF.Core\RocketPDF.Core.csproj", "{47E2A87A-6787-4965-B0E4-50669121980F}"
EndProject
Project("{2150E333-8FDC-42A3-9474-1A3956D46DE8}") = "Core", "Core", "{A2E9A2DD-0E56-4D47-B3ED-6264F0D24649}"
EndProject
Project("{FAE04EC0-301F-11D3-BF4B-00C04F79EFBC}") = "RocketPDF.AutoMapper", "src\Core\RocketPDF.AutoMapper\RocketPDF.AutoMapper.csproj", "{166078EA-8386-4AE2-8D66-5146ADAEACBF}"
EndProject
Project("{FAE04EC0-301F-11D3-BF4B-00C04F79EFBC}") = "RocketPDF.Shared", "src\Core\RocketPDF.Shared\RocketPDF.Shared.csproj", "{E6F0D6C0-83C2-44E2-9C1F-FC0B1CECC721}"
EndProject
Project("{2150E333-8FDC-42A3-9474-1A3956D46DE8}") = "Services", "Services", "{42F3BDC0-AAE1-41F7-95AB-EF41D40AEEB1}"
EndProject
Project("{9A19103F-16F7-4668-BE54-9A1E7A4F7556}") = "RocketPDF.Api", "src\Services\RocketPDF.Api\RocketPDF.Api.csproj", "{8C70849F-E9FD-47DD-B2F7-89B676239E90}"
EndProject
Project("{FAE04EC0-301F-11D3-BF4B-00C04F79EFBC}") = "RocketPDF.Application", "src\Services\RocketPDF.Application\RocketPDF.Application.csproj", "{F52864D9-50A3-4833-8AF6-84FCE7C448B1}"
EndProject
Project("{FAE04EC0-301F-11D3-BF4B-00C04F79EFBC}") = "RocketPDF.Infrastructure", "src\Services\RocketPDF.Infrastructure\RocketPDF.Infrastructure.csproj", "{A6467618-9D00-4D8F-9DE4-8D2249FC82E8}"
EndProject
Project("{FAE04EC0-301F-11D3-BF4B-00C04F79EFBC}") = "RocketPDF.Domain", "src\Services\RocketPDF.Domain\RocketPDF.Domain.csproj", "{D32DF324-1B5E-426D-BD67-5794FD9E8B1C}"
EndProject
Project("{FAE04EC0-301F-11D3-BF4B-00C04F79EFBC}") = "RocketPDF.EntityFrameworkCore", "src\Services\RocketPDF.EntityFrameworkCore\RocketPDF.EntityFrameworkCore.csproj", "{CB0EC3D3-BC98-4FF3-A8C8-F481030754AA}"
EndProject
Global
	GlobalSection(SolutionConfigurationPlatforms) = preSolution
		Debug|Any CPU = Debug|Any CPU
		Release|Any CPU = Release|Any CPU
	EndGlobalSection
	GlobalSection(ProjectConfigurationPlatforms) = postSolution
		{C3C24D78-A2BC-4494-B180-866A5CEC1E7A}.Debug|Any CPU.ActiveCfg = Debug|Any CPU
		{C3C24D78-A2BC-4494-B180-866A5CEC1E7A}.Debug|Any CPU.Build.0 = Debug|Any CPU
		{C3C24D78-A2BC-4494-B180-866A5CEC1E7A}.Debug|Any CPU.Deploy.0 = Debug|Any CPU
		{C3C24D78-A2BC-4494-B180-866A5CEC1E7A}.Release|Any CPU.ActiveCfg = Release|Any CPU
		{C3C24D78-A2BC-4494-B180-866A5CEC1E7A}.Release|Any CPU.Build.0 = Release|Any CPU
		{C3C24D78-A2BC-4494-B180-866A5CEC1E7A}.Release|Any CPU.Deploy.0 = Release|Any CPU
		{47E2A87A-6787-4965-B0E4-50669121980F}.Debug|Any CPU.ActiveCfg = Debug|Any CPU
		{47E2A87A-6787-4965-B0E4-50669121980F}.Debug|Any CPU.Build.0 = Debug|Any CPU
		{47E2A87A-6787-4965-B0E4-50669121980F}.Release|Any CPU.ActiveCfg = Release|Any CPU
		{47E2A87A-6787-4965-B0E4-50669121980F}.Release|Any CPU.Build.0 = Release|Any CPU
		{8C70849F-E9FD-47DD-B2F7-89B676239E90}.Debug|Any CPU.ActiveCfg = Debug|Any CPU
		{8C70849F-E9FD-47DD-B2F7-89B676239E90}.Debug|Any CPU.Build.0 = Debug|Any CPU
		{8C70849F-E9FD-47DD-B2F7-89B676239E90}.Release|Any CPU.ActiveCfg = Release|Any CPU
		{8C70849F-E9FD-47DD-B2F7-89B676239E90}.Release|Any CPU.Build.0 = Release|Any CPU
		{F52864D9-50A3-4833-8AF6-84FCE7C448B1}.Debug|Any CPU.ActiveCfg = Debug|Any CPU
		{F52864D9-50A3-4833-8AF6-84FCE7C448B1}.Debug|Any CPU.Build.0 = Debug|Any CPU
		{F52864D9-50A3-4833-8AF6-84FCE7C448B1}.Release|Any CPU.ActiveCfg = Release|Any CPU
		{F52864D9-50A3-4833-8AF6-84FCE7C448B1}.Release|Any CPU.Build.0 = Release|Any CPU
		{A6467618-9D00-4D8F-9DE4-8D2249FC82E8}.Debug|Any CPU.ActiveCfg = Debug|Any CPU
		{A6467618-9D00-4D8F-9DE4-8D2249FC82E8}.Debug|Any CPU.Build.0 = Debug|Any CPU
		{A6467618-9D00-4D8F-9DE4-8D2249FC82E8}.Release|Any CPU.ActiveCfg = Release|Any CPU
		{A6467618-9D00-4D8F-9DE4-8D2249FC82E8}.Release|Any CPU.Build.0 = Release|Any CPU
		{D32DF324-1B5E-426D-BD67-5794FD9E8B1C}.Debug|Any CPU.ActiveCfg = Debug|Any CPU
		{D32DF324-1B5E-426D-BD67-5794FD9E8B1C}.Debug|Any CPU.Build.0 = Debug|Any CPU
		{D32DF324-1B5E-426D-BD67-5794FD9E8B1C}.Release|Any CPU.ActiveCfg = Release|Any CPU
		{D32DF324-1B5E-426D-BD67-5794FD9E8B1C}.Release|Any CPU.Build.0 = Release|Any CPU
		{166078EA-8386-4AE2-8D66-5146ADAEACBF}.Debug|Any CPU.ActiveCfg = Debug|Any CPU
		{166078EA-8386-4AE2-8D66-5146ADAEACBF}.Debug|Any CPU.Build.0 = Debug|Any CPU
		{166078EA-8386-4AE2-8D66-5146ADAEACBF}.Release|Any CPU.ActiveCfg = Release|Any CPU
		{166078EA-8386-4AE2-8D66-5146ADAEACBF}.Release|Any CPU.Build.0 = Release|Any CPU
		{CB0EC3D3-BC98-4FF3-A8C8-F481030754AA}.Debug|Any CPU.ActiveCfg = Debug|Any CPU
		{CB0EC3D3-BC98-4FF3-A8C8-F481030754AA}.Debug|Any CPU.Build.0 = Debug|Any CPU
		{CB0EC3D3-BC98-4FF3-A8C8-F481030754AA}.Release|Any CPU.ActiveCfg = Release|Any CPU
		{CB0EC3D3-BC98-4FF3-A8C8-F481030754AA}.Release|Any CPU.Build.0 = Release|Any CPU
		{E6F0D6C0-83C2-44E2-9C1F-FC0B1CECC721}.Debug|Any CPU.ActiveCfg = Debug|Any CPU
		{E6F0D6C0-83C2-44E2-9C1F-FC0B1CECC721}.Debug|Any CPU.Build.0 = Debug|Any CPU
		{E6F0D6C0-83C2-44E2-9C1F-FC0B1CECC721}.Release|Any CPU.ActiveCfg = Release|Any CPU
		{E6F0D6C0-83C2-44E2-9C1F-FC0B1CECC721}.Release|Any CPU.Build.0 = Release|Any CPU
	EndGlobalSection
	GlobalSection(SolutionProperties) = preSolution
		HideSolutionNode = FALSE
	EndGlobalSection
	GlobalSection(NestedProjects) = preSolution
		{C3C24D78-A2BC-4494-B180-866A5CEC1E7A} = {110CE97A-20B6-4E9A-A9FA-FB1675C74285}
		{47E2A87A-6787-4965-B0E4-50669121980F} = {110CE97A-20B6-4E9A-A9FA-FB1675C74285}
		{110CE97A-20B6-4E9A-A9FA-FB1675C74285} = {C60DBA73-66BA-4F0C-983C-9A35248AA556}
		{42F3BDC0-AAE1-41F7-95AB-EF41D40AEEB1} = {C60DBA73-66BA-4F0C-983C-9A35248AA556}
		{8C70849F-E9FD-47DD-B2F7-89B676239E90} = {42F3BDC0-AAE1-41F7-95AB-EF41D40AEEB1}
		{F52864D9-50A3-4833-8AF6-84FCE7C448B1} = {42F3BDC0-AAE1-41F7-95AB-EF41D40AEEB1}
		{A6467618-9D00-4D8F-9DE4-8D2249FC82E8} = {42F3BDC0-AAE1-41F7-95AB-EF41D40AEEB1}
		{D32DF324-1B5E-426D-BD67-5794FD9E8B1C} = {42F3BDC0-AAE1-41F7-95AB-EF41D40AEEB1}
		{166078EA-8386-4AE2-8D66-5146ADAEACBF} = {A2E9A2DD-0E56-4D47-B3ED-6264F0D24649}
		{CB0EC3D3-BC98-4FF3-A8C8-F481030754AA} = {42F3BDC0-AAE1-41F7-95AB-EF41D40AEEB1}
		{E6F0D6C0-83C2-44E2-9C1F-FC0B1CECC721} = {A2E9A2DD-0E56-4D47-B3ED-6264F0D24649}
		{A2E9A2DD-0E56-4D47-B3ED-6264F0D24649} = {C60DBA73-66BA-4F0C-983C-9A35248AA556}
	EndGlobalSection
	GlobalSection(ExtensibilityGlobals) = postSolution
		SolutionGuid = {18C9171F-FA94-446C-BC7E-F06561A1CA40}
	EndGlobalSection
EndGlobal
